
Microsoft Visual Studio Solution File, Format Version 12.00
# Visual Studio Version 16
VisualStudioVersion = 16.0.31005.135
MinimumVisualStudioVersion = 10.0.40219.1
Project("{8BC9CEB8-8B4A-11D0-8D11-00A0C91BC942}") = "text_3_29", "text_3_29.vcxproj", "{F2EA709A-D13D-43D2-AB87-61B099358610}"
EndProject
Global
	GlobalSection(SolutionConfigurationPlatforms) = preSolution
		Debug|x64 = Debug|x64
		Debug|x86 = Debug|x86
		Release|x64 = Release|x64
		Release|x86 = Release|x86
	EndGlobalSection
	GlobalSection(ProjectConfigurationPlatforms) = postSolution
		{F2EA709A-D13D-43D2-AB87-61B099358610}.Debug|x64.ActiveCfg = Debug|x64
		{F2EA709A-D13D-43D2-AB87-61B099358610}.Debug|x64.Build.0 = Debug|x64
		{F2EA709A-D13D-43D2-AB87-61B099358610}.Debug|x86.ActiveCfg = Debug|Win32
		{F2EA709A-D13D-43D2-AB87-61B099358610}.Debug|x86.Build.0 = Debug|Win32
		{F2EA709A-D13D-43D2-AB87-61B099358610}.Release|x64.ActiveCfg = Release|x64
		{F2EA709A-D13D-43D2-AB87-61B099358610}.Release|x64.Build.0 = Release|x64
		{F2EA709A-D13D-43D2-AB87-61B099358610}.Release|x86.ActiveCfg = Release|Win32
		{F2EA709A-D13D-43D2-AB87-61B099358610}.Release|x86.Build.0 = Release|Win32
	EndGlobalSection
	GlobalSection(SolutionProperties) = preSolution
		HideSolutionNode = FALSE
	EndGlobalSection
	GlobalSection(ExtensibilityGlobals) = postSolution
		SolutionGuid = {3EDAC0E6-16FC-4714-9BB2-593B449EB8CC}
	EndGlobalSection
EndGlobal
